// !$*UTF8*$!
{
	archiveVersion = 1;
	classes = {
	};
	objectVersion = 56;
	objects = {

/* Begin PBXBuildFile section */
		B7F2A10129A5651900649F3A /* AppDelegate.swift in Sources */ = {isa = PBXBuildFile; fileRef = B7F2A10029A5651900649F3A /* AppDelegate.swift */; };
		B7F2A10329A5651900649F3A /* SceneDelegate.swift in Sources */ = {isa = PBXBuildFile; fileRef = B7F2A10229A5651900649F3A /* SceneDelegate.swift */; };
		B7F2A10529A5651900649F3A /* StatesViewController.swift in Sources */ = {isa = PBXBuildFile; fileRef = B7F2A10429A5651900649F3A /* StatesViewController.swift */; };
		B7F2A10A29A5651A00649F3A /* Assets.xcassets in Resources */ = {isa = PBXBuildFile; fileRef = B7F2A10929A5651A00649F3A /* Assets.xcassets */; };
		B7F2A10D29A5651A00649F3A /* LaunchScreen.storyboard in Resources */ = {isa = PBXBuildFile; fileRef = B7F2A10B29A5651A00649F3A /* LaunchScreen.storyboard */; };
		B7F2A11B29A567D500649F3A /* APICaller.swift in Sources */ = {isa = PBXBuildFile; fileRef = B7F2A11A29A567D500649F3A /* APICaller.swift */; };
		B7F2A11D29A65C3F00649F3A /* State.swift in Sources */ = {isa = PBXBuildFile; fileRef = B7F2A11C29A65C3F00649F3A /* State.swift */; };
		B7F2A11F29A65C4200649F3A /* City.swift in Sources */ = {isa = PBXBuildFile; fileRef = B7F2A11E29A65C4200649F3A /* City.swift */; };
		B7F2A12129A65C5600649F3A /* APIResponse.swift in Sources */ = {isa = PBXBuildFile; fileRef = B7F2A12029A65C5600649F3A /* APIResponse.swift */; };
		B7F2A12329A65C6300649F3A /* CustomAPIError.swift in Sources */ = {isa = PBXBuildFile; fileRef = B7F2A12229A65C6300649F3A /* CustomAPIError.swift */; };
		B7F2A12529A6616700649F3A /* LocationTableViewCell.swift in Sources */ = {isa = PBXBuildFile; fileRef = B7F2A12429A6616700649F3A /* LocationTableViewCell.swift */; };
		B7F2A12729A661DC00649F3A /* StatesTableView.swift in Sources */ = {isa = PBXBuildFile; fileRef = B7F2A12629A661DC00649F3A /* StatesTableView.swift */; };
		B7F2A12929A66A5B00649F3A /* CitiesViewController.swift in Sources */ = {isa = PBXBuildFile; fileRef = B7F2A12829A66A5B00649F3A /* CitiesViewController.swift */; };
		B7F2A12B29A6703800649F3A /* Location.swift in Sources */ = {isa = PBXBuildFile; fileRef = B7F2A12A29A6703800649F3A /* Location.swift */; };
		B7F2A12D29A6C02900649F3A /* AddNewCityButton.swift in Sources */ = {isa = PBXBuildFile; fileRef = B7F2A12C29A6C02900649F3A /* AddNewCityButton.swift */; };
		B7F2A12F29A6CD0800649F3A /* AlertManager.swift in Sources */ = {isa = PBXBuildFile; fileRef = B7F2A12E29A6CD0800649F3A /* AlertManager.swift */; };
/* End PBXBuildFile section */

/* Begin PBXFileReference section */
		B7F2A0FD29A5651900649F3A /* ZengoMobil.app */ = {isa = PBXFileReference; explicitFileType = wrapper.application; includeInIndex = 0; path = ZengoMobil.app; sourceTree = BUILT_PRODUCTS_DIR; };
		B7F2A10029A5651900649F3A /* AppDelegate.swift */ = {isa = PBXFileReference; lastKnownFileType = sourcecode.swift; path = AppDelegate.swift; sourceTree = "<group>"; };
		B7F2A10229A5651900649F3A /* SceneDelegate.swift */ = {isa = PBXFileReference; lastKnownFileType = sourcecode.swift; path = SceneDelegate.swift; sourceTree = "<group>"; };
		B7F2A10429A5651900649F3A /* StatesViewController.swift */ = {isa = PBXFileReference; lastKnownFileType = sourcecode.swift; path = StatesViewController.swift; sourceTree = "<group>"; };
		B7F2A10929A5651A00649F3A /* Assets.xcassets */ = {isa = PBXFileReference; lastKnownFileType = folder.assetcatalog; path = Assets.xcassets; sourceTree = "<group>"; };
		B7F2A10C29A5651A00649F3A /* Base */ = {isa = PBXFileReference; lastKnownFileType = file.storyboard; name = Base; path = Base.lproj/LaunchScreen.storyboard; sourceTree = "<group>"; };
		B7F2A10E29A5651A00649F3A /* Info.plist */ = {isa = PBXFileReference; lastKnownFileType = text.plist.xml; path = Info.plist; sourceTree = "<group>"; };
		B7F2A11A29A567D500649F3A /* APICaller.swift */ = {isa = PBXFileReference; lastKnownFileType = sourcecode.swift; path = APICaller.swift; sourceTree = "<group>"; };
		B7F2A11C29A65C3F00649F3A /* State.swift */ = {isa = PBXFileReference; lastKnownFileType = sourcecode.swift; path = State.swift; sourceTree = "<group>"; };
		B7F2A11E29A65C4200649F3A /* City.swift */ = {isa = PBXFileReference; lastKnownFileType = sourcecode.swift; path = City.swift; sourceTree = "<group>"; };
		B7F2A12029A65C5600649F3A /* APIResponse.swift */ = {isa = PBXFileReference; lastKnownFileType = sourcecode.swift; path = APIResponse.swift; sourceTree = "<group>"; };
		B7F2A12229A65C6300649F3A /* CustomAPIError.swift */ = {isa = PBXFileReference; lastKnownFileType = sourcecode.swift; path = CustomAPIError.swift; sourceTree = "<group>"; };
		B7F2A12429A6616700649F3A /* LocationTableViewCell.swift */ = {isa = PBXFileReference; lastKnownFileType = sourcecode.swift; path = LocationTableViewCell.swift; sourceTree = "<group>"; };
		B7F2A12629A661DC00649F3A /* StatesTableView.swift */ = {isa = PBXFileReference; lastKnownFileType = sourcecode.swift; path = StatesTableView.swift; sourceTree = "<group>"; };
		B7F2A12829A66A5B00649F3A /* CitiesViewController.swift */ = {isa = PBXFileReference; lastKnownFileType = sourcecode.swift; path = CitiesViewController.swift; sourceTree = "<group>"; };
		B7F2A12A29A6703800649F3A /* Location.swift */ = {isa = PBXFileReference; lastKnownFileType = sourcecode.swift; path = Location.swift; sourceTree = "<group>"; };
		B7F2A12C29A6C02900649F3A /* AddNewCityButton.swift */ = {isa = PBXFileReference; lastKnownFileType = sourcecode.swift; path = AddNewCityButton.swift; sourceTree = "<group>"; };
		B7F2A12E29A6CD0800649F3A /* AlertManager.swift */ = {isa = PBXFileReference; lastKnownFileType = sourcecode.swift; path = AlertManager.swift; sourceTree = "<group>"; };
/* End PBXFileReference section */

/* Begin PBXFrameworksBuildPhase section */
		B7F2A0FA29A5651900649F3A /* Frameworks */ = {
			isa = PBXFrameworksBuildPhase;
			buildActionMask = 2147483647;
			files = (
			);
			runOnlyForDeploymentPostprocessing = 0;
		};
/* End PBXFrameworksBuildPhase section */

/* Begin PBXGroup section */
		B7F2A0F429A5651900649F3A = {
			isa = PBXGroup;
			children = (
				B7F2A0FF29A5651900649F3A /* ZengoMobil */,
				B7F2A0FE29A5651900649F3A /* Products */,
			);
			sourceTree = "<group>";
		};
		B7F2A0FE29A5651900649F3A /* Products */ = {
			isa = PBXGroup;
			children = (
				B7F2A0FD29A5651900649F3A /* ZengoMobil.app */,
			);
			name = Products;
			sourceTree = "<group>";
		};
		B7F2A0FF29A5651900649F3A /* ZengoMobil */ = {
			isa = PBXGroup;
			children = (
				B7F2A11729A566C900649F3A /* Resources */,
				B7F2A11929A566D200649F3A /* API */,
				B7F2A11629A566C100649F3A /* Models */,
				B7F2A11529A566BF00649F3A /* Views */,
				B7F2A11429A566B900649F3A /* Controllers */,
				B7F2A10E29A5651A00649F3A /* Info.plist */,
			);
			path = ZengoMobil;
			sourceTree = "<group>";
		};
		B7F2A11429A566B900649F3A /* Controllers */ = {
			isa = PBXGroup;
			children = (
				B7F2A10429A5651900649F3A /* StatesViewController.swift */,
				B7F2A12829A66A5B00649F3A /* CitiesViewController.swift */,
			);
			path = Controllers;
			sourceTree = "<group>";
		};
		B7F2A11529A566BF00649F3A /* Views */ = {
			isa = PBXGroup;
			children = (
				B7F2A12429A6616700649F3A /* LocationTableViewCell.swift */,
				B7F2A12629A661DC00649F3A /* StatesTableView.swift */,
				B7F2A12C29A6C02900649F3A /* AddNewCityButton.swift */,
			);
			path = Views;
			sourceTree = "<group>";
		};
		B7F2A11629A566C100649F3A /* Models */ = {
			isa = PBXGroup;
			children = (
				B7F2A11C29A65C3F00649F3A /* State.swift */,
				B7F2A11E29A65C4200649F3A /* City.swift */,
				B7F2A12029A65C5600649F3A /* APIResponse.swift */,
				B7F2A12229A65C6300649F3A /* CustomAPIError.swift */,
				B7F2A12A29A6703800649F3A /* Location.swift */,
			);
			path = Models;
			sourceTree = "<group>";
		};
		B7F2A11729A566C900649F3A /* Resources */ = {
			isa = PBXGroup;
			children = (
				B7F2A10029A5651900649F3A /* AppDelegate.swift */,
				B7F2A10229A5651900649F3A /* SceneDelegate.swift */,
				B7F2A10929A5651A00649F3A /* Assets.xcassets */,
				B7F2A10B29A5651A00649F3A /* LaunchScreen.storyboard */,
				B7F2A12E29A6CD0800649F3A /* AlertManager.swift */,
			);
			path = Resources;
			sourceTree = "<group>";
		};
		B7F2A11929A566D200649F3A /* API */ = {
			isa = PBXGroup;
			children = (
				B7F2A11A29A567D500649F3A /* APICaller.swift */,
			);
			path = API;
			sourceTree = "<group>";
		};
/* End PBXGroup section */

/* Begin PBXNativeTarget section */
		B7F2A0FC29A5651900649F3A /* ZengoMobil */ = {
			isa = PBXNativeTarget;
			buildConfigurationList = B7F2A11129A5651A00649F3A /* Build configuration list for PBXNativeTarget "ZengoMobil" */;
			buildPhases = (
				B7F2A0F929A5651900649F3A /* Sources */,
				B7F2A0FA29A5651900649F3A /* Frameworks */,
				B7F2A0FB29A5651900649F3A /* Resources */,
			);
			buildRules = (
			);
			dependencies = (
			);
			name = ZengoMobil;
			productName = ZengoMobil;
			productReference = B7F2A0FD29A5651900649F3A /* ZengoMobil.app */;
			productType = "com.apple.product-type.application";
		};
/* End PBXNativeTarget section */

/* Begin PBXProject section */
		B7F2A0F529A5651900649F3A /* Project object */ = {
			isa = PBXProject;
			attributes = {
				BuildIndependentTargetsInParallel = 1;
				LastSwiftUpdateCheck = 1400;
				LastUpgradeCheck = 1400;
				TargetAttributes = {
					B7F2A0FC29A5651900649F3A = {
						CreatedOnToolsVersion = 14.0;
					};
				};
			};
			buildConfigurationList = B7F2A0F829A5651900649F3A /* Build configuration list for PBXProject "ZengoMobil" */;
			compatibilityVersion = "Xcode 14.0";
			developmentRegion = en;
			hasScannedForEncodings = 0;
			knownRegions = (
				en,
				Base,
			);
			mainGroup = B7F2A0F429A5651900649F3A;
			productRefGroup = B7F2A0FE29A5651900649F3A /* Products */;
			projectDirPath = "";
			projectRoot = "";
			targets = (
				B7F2A0FC29A5651900649F3A /* ZengoMobil */,
			);
		};
/* End PBXProject section */

/* Begin PBXResourcesBuildPhase section */
		B7F2A0FB29A5651900649F3A /* Resources */ = {
			isa = PBXResourcesBuildPhase;
			buildActionMask = 2147483647;
			files = (
				B7F2A10D29A5651A00649F3A /* LaunchScreen.storyboard in Resources */,
				B7F2A10A29A5651A00649F3A /* Assets.xcassets in Resources */,
			);
			runOnlyForDeploymentPostprocessing = 0;
		};
/* End PBXResourcesBuildPhase section */

/* Begin PBXSourcesBuildPhase section */
		B7F2A0F929A5651900649F3A /* Sources */ = {
			isa = PBXSourcesBuildPhase;
			buildActionMask = 2147483647;
			files = (
				B7F2A12929A66A5B00649F3A /* CitiesViewController.swift in Sources */,
				B7F2A12129A65C5600649F3A /* APIResponse.swift in Sources */,
				B7F2A10529A5651900649F3A /* StatesViewController.swift in Sources */,
				B7F2A10129A5651900649F3A /* AppDelegate.swift in Sources */,
				B7F2A11F29A65C4200649F3A /* City.swift in Sources */,
				B7F2A12D29A6C02900649F3A /* AddNewCityButton.swift in Sources */,
				B7F2A10329A5651900649F3A /* SceneDelegate.swift in Sources */,
				B7F2A11D29A65C3F00649F3A /* State.swift in Sources */,
				B7F2A12329A65C6300649F3A /* CustomAPIError.swift in Sources */,
				B7F2A12729A661DC00649F3A /* StatesTableView.swift in Sources */,
				B7F2A12529A6616700649F3A /* LocationTableViewCell.swift in Sources */,
				B7F2A12B29A6703800649F3A /* Location.swift in Sources */,
				B7F2A12F29A6CD0800649F3A /* AlertManager.swift in Sources */,
				B7F2A11B29A567D500649F3A /* APICaller.swift in Sources */,
			);
			runOnlyForDeploymentPostprocessing = 0;
		};
/* End PBXSourcesBuildPhase section */

/* Begin PBXVariantGroup section */
		B7F2A10B29A5651A00649F3A /* LaunchScreen.storyboard */ = {
			isa = PBXVariantGroup;
			children = (
				B7F2A10C29A5651A00649F3A /* Base */,
			);
			name = LaunchScreen.storyboard;
			sourceTree = "<group>";
		};
/* End PBXVariantGroup section */

/* Begin XCBuildConfiguration section */
		B7F2A10F29A5651A00649F3A /* Debug */ = {
			isa = XCBuildConfiguration;
			buildSettings = {
				ALWAYS_SEARCH_USER_PATHS = NO;
				CLANG_ANALYZER_NONNULL = YES;
				CLANG_ANALYZER_NUMBER_OBJECT_CONVERSION = YES_AGGRESSIVE;
				CLANG_CXX_LANGUAGE_STANDARD = "gnu++20";
				CLANG_ENABLE_MODULES = YES;
				CLANG_ENABLE_OBJC_ARC = YES;
				CLANG_ENABLE_OBJC_WEAK = YES;
				CLANG_WARN_BLOCK_CAPTURE_AUTORELEASING = YES;
				CLANG_WARN_BOOL_CONVERSION = YES;
				CLANG_WARN_COMMA = YES;
				CLANG_WARN_CONSTANT_CONVERSION = YES;
				CLANG_WARN_DEPRECATED_OBJC_IMPLEMENTATIONS = YES;
				CLANG_WARN_DIRECT_OBJC_ISA_USAGE = YES_ERROR;
				CLANG_WARN_DOCUMENTATION_COMMENTS = YES;
				CLANG_WARN_EMPTY_BODY = YES;
				CLANG_WARN_ENUM_CONVERSION = YES;
				CLANG_WARN_INFINITE_RECURSION = YES;
				CLANG_WARN_INT_CONVERSION = YES;
				CLANG_WARN_NON_LITERAL_NULL_CONVERSION = YES;
				CLANG_WARN_OBJC_IMPLICIT_RETAIN_SELF = YES;
				CLANG_WARN_OBJC_LITERAL_CONVERSION = YES;
				CLANG_WARN_OBJC_ROOT_CLASS = YES_ERROR;
				CLANG_WARN_QUOTED_INCLUDE_IN_FRAMEWORK_HEADER = YES;
				CLANG_WARN_RANGE_LOOP_ANALYSIS = YES;
				CLANG_WARN_STRICT_PROTOTYPES = YES;
				CLANG_WARN_SUSPICIOUS_MOVE = YES;
				CLANG_WARN_UNGUARDED_AVAILABILITY = YES_AGGRESSIVE;
				CLANG_WARN_UNREACHABLE_CODE = YES;
				CLANG_WARN__DUPLICATE_METHOD_MATCH = YES;
				COPY_PHASE_STRIP = NO;
				DEBUG_INFORMATION_FORMAT = dwarf;
				ENABLE_STRICT_OBJC_MSGSEND = YES;
				ENABLE_TESTABILITY = YES;
				GCC_C_LANGUAGE_STANDARD = gnu11;
				GCC_DYNAMIC_NO_PIC = NO;
				GCC_NO_COMMON_BLOCKS = YES;
				GCC_OPTIMIZATION_LEVEL = 0;
				GCC_PREPROCESSOR_DEFINITIONS = (
					"DEBUG=1",
					"$(inherited)",
				);
				GCC_WARN_64_TO_32_BIT_CONVERSION = YES;
				GCC_WARN_ABOUT_RETURN_TYPE = YES_ERROR;
				GCC_WARN_UNDECLARED_SELECTOR = YES;
				GCC_WARN_UNINITIALIZED_AUTOS = YES_AGGRESSIVE;
				GCC_WARN_UNUSED_FUNCTION = YES;
				GCC_WARN_UNUSED_VARIABLE = YES;
				IPHONEOS_DEPLOYMENT_TARGET = 16.0;
				MTL_ENABLE_DEBUG_INFO = INCLUDE_SOURCE;
				MTL_FAST_MATH = YES;
				ONLY_ACTIVE_ARCH = YES;
				SDKROOT = iphoneos;
				SWIFT_ACTIVE_COMPILATION_CONDITIONS = DEBUG;
				SWIFT_OPTIMIZATION_LEVEL = "-Onone";
			};
			name = Debug;
		};
		B7F2A11029A5651A00649F3A /* Release */ = {
			isa = XCBuildConfiguration;
			buildSettings = {
				ALWAYS_SEARCH_USER_PATHS = NO;
				CLANG_ANALYZER_NONNULL = YES;
				CLANG_ANALYZER_NUMBER_OBJECT_CONVERSION = YES_AGGRESSIVE;
				CLANG_CXX_LANGUAGE_STANDARD = "gnu++20";
				CLANG_ENABLE_MODULES = YES;
				CLANG_ENABLE_OBJC_ARC = YES;
				CLANG_ENABLE_OBJC_WEAK = YES;
				CLANG_WARN_BLOCK_CAPTURE_AUTORELEASING = YES;
				CLANG_WARN_BOOL_CONVERSION = YES;
				CLANG_WARN_COMMA = YES;
				CLANG_WARN_CONSTANT_CONVERSION = YES;
				CLANG_WARN_DEPRECATED_OBJC_IMPLEMENTATIONS = YES;
				CLANG_WARN_DIRECT_OBJC_ISA_USAGE = YES_ERROR;
				CLANG_WARN_DOCUMENTATION_COMMENTS = YES;
				CLANG_WARN_EMPTY_BODY = YES;
				CLANG_WARN_ENUM_CONVERSION = YES;
				CLANG_WARN_INFINITE_RECURSION = YES;
				CLANG_WARN_INT_CONVERSION = YES;
				CLANG_WARN_NON_LITERAL_NULL_CONVERSION = YES;
				CLANG_WARN_OBJC_IMPLICIT_RETAIN_SELF = YES;
				CLANG_WARN_OBJC_LITERAL_CONVERSION = YES;
				CLANG_WARN_OBJC_ROOT_CLASS = YES_ERROR;
				CLANG_WARN_QUOTED_INCLUDE_IN_FRAMEWORK_HEADER = YES;
				CLANG_WARN_RANGE_LOOP_ANALYSIS = YES;
				CLANG_WARN_STRICT_PROTOTYPES = YES;
				CLANG_WARN_SUSPICIOUS_MOVE = YES;
				CLANG_WARN_UNGUARDED_AVAILABILITY = YES_AGGRESSIVE;
				CLANG_WARN_UNREACHABLE_CODE = YES;
				CLANG_WARN__DUPLICATE_METHOD_MATCH = YES;
				COPY_PHASE_STRIP = NO;
				DEBUG_INFORMATION_FORMAT = "dwarf-with-dsym";
				ENABLE_NS_ASSERTIONS = NO;
				ENABLE_STRICT_OBJC_MSGSEND = YES;
				GCC_C_LANGUAGE_STANDARD = gnu11;
				GCC_NO_COMMON_BLOCKS = YES;
				GCC_WARN_64_TO_32_BIT_CONVERSION = YES;
				GCC_WARN_ABOUT_RETURN_TYPE = YES_ERROR;
				GCC_WARN_UNDECLARED_SELECTOR = YES;
				GCC_WARN_UNINITIALIZED_AUTOS = YES_AGGRESSIVE;
				GCC_WARN_UNUSED_FUNCTION = YES;
				GCC_WARN_UNUSED_VARIABLE = YES;
				IPHONEOS_DEPLOYMENT_TARGET = 16.0;
				MTL_ENABLE_DEBUG_INFO = NO;
				MTL_FAST_MATH = YES;
				SDKROOT = iphoneos;
				SWIFT_COMPILATION_MODE = wholemodule;
				SWIFT_OPTIMIZATION_LEVEL = "-O";
				VALIDATE_PRODUCT = YES;
			};
			name = Release;
		};
		B7F2A11229A5651A00649F3A /* Debug */ = {
			isa = XCBuildConfiguration;
			buildSettings = {
				ASSETCATALOG_COMPILER_APPICON_NAME = AppIcon;
				ASSETCATALOG_COMPILER_GLOBAL_ACCENT_COLOR_NAME = AccentColor;
				CODE_SIGN_STYLE = Automatic;
				CURRENT_PROJECT_VERSION = 1;
				DEVELOPMENT_TEAM = 2V54FBNXT7;
				GENERATE_INFOPLIST_FILE = YES;
				INFOPLIST_FILE = ZengoMobil/Info.plist;
				INFOPLIST_KEY_UIApplicationSupportsIndirectInputEvents = YES;
				INFOPLIST_KEY_UILaunchStoryboardName = LaunchScreen;
				INFOPLIST_KEY_UISupportedInterfaceOrientations = UIInterfaceOrientationPortrait;
				INFOPLIST_KEY_UISupportedInterfaceOrientations_iPad = "UIInterfaceOrientationLandscapeLeft UIInterfaceOrientationLandscapeRight UIInterfaceOrientationPortrait UIInterfaceOrientationPortraitUpsideDown";
				LD_RUNPATH_SEARCH_PATHS = (
					"$(inherited)",
					"@executable_path/Frameworks",
				);
				MARKETING_VERSION = 1.0;
				PRODUCT_BUNDLE_IDENTIFIER = juhaszistvan.ZengoMobil;
				PRODUCT_NAME = "$(TARGET_NAME)";
				SWIFT_EMIT_LOC_STRINGS = YES;
				SWIFT_VERSION = 5.0;
				TARGETED_DEVICE_FAMILY = "1,2";
			};
			name = Debug;
		};
		B7F2A11329A5651A00649F3A /* Release */ = {
			isa = XCBuildConfiguration;
			buildSettings = {
				ASSETCATALOG_COMPILER_APPICON_NAME = AppIcon;
				ASSETCATALOG_COMPILER_GLOBAL_ACCENT_COLOR_NAME = AccentColor;
				CODE_SIGN_STYLE = Automatic;
				CURRENT_PROJECT_VERSION = 1;
				DEVELOPMENT_TEAM = 2V54FBNXT7;
				GENERATE_INFOPLIST_FILE = YES;
				INFOPLIST_FILE = ZengoMobil/Info.plist;
				INFOPLIST_KEY_UIApplicationSupportsIndirectInputEvents = YES;
				INFOPLIST_KEY_UILaunchStoryboardName = LaunchScreen;
				INFOPLIST_KEY_UISupportedInterfaceOrientations = UIInterfaceOrientationPortrait;
				INFOPLIST_KEY_UISupportedInterfaceOrientations_iPad = "UIInterfaceOrientationLandscapeLeft UIInterfaceOrientationLandscapeRight UIInterfaceOrientationPortrait UIInterfaceOrientationPortraitUpsideDown";
				LD_RUNPATH_SEARCH_PATHS = (
					"$(inherited)",
					"@executable_path/Frameworks",
				);
				MARKETING_VERSION = 1.0;
				PRODUCT_BUNDLE_IDENTIFIER = juhaszistvan.ZengoMobil;
				PRODUCT_NAME = "$(TARGET_NAME)";
				SWIFT_EMIT_LOC_STRINGS = YES;
				SWIFT_VERSION = 5.0;
				TARGETED_DEVICE_FAMILY = "1,2";
			};
			name = Release;
		};
/* End XCBuildConfiguration section */

/* Begin XCConfigurationList section */
		B7F2A0F829A5651900649F3A /* Build configuration list for PBXProject "ZengoMobil" */ = {
			isa = XCConfigurationList;
			buildConfigurations = (
				B7F2A10F29A5651A00649F3A /* Debug */,
				B7F2A11029A5651A00649F3A /* Release */,
			);
			defaultConfigurationIsVisible = 0;
			defaultConfigurationName = Release;
		};
		B7F2A11129A5651A00649F3A /* Build configuration list for PBXNativeTarget "ZengoMobil" */ = {
			isa = XCConfigurationList;
			buildConfigurations = (
				B7F2A11229A5651A00649F3A /* Debug */,
				B7F2A11329A5651A00649F3A /* Release */,
			);
			defaultConfigurationIsVisible = 0;
			defaultConfigurationName = Release;
		};
/* End XCConfigurationList section */
	};
	rootObject = B7F2A0F529A5651900649F3A /* Project object */;
}
